
Microsoft Visual Studio Solution File, Format Version 12.00
# Visual Studio Version 16
VisualStudioVersion = 16.0.30804.86
MinimumVisualStudioVersion = 10.0.40219.1
Project("{9A19103F-16F7-4668-BE54-9A1E7A4F7556}") = "Client", "Client\Client.csproj", "{8D530F02-0315-4D47-85F6-693209A9AFFF}"
EndProject
Project("{FAE04EC0-301F-11D3-BF4B-00C04F79EFBC}") = "Server", "Server\Server.csproj", "{362C43D4-99BE-4F4E-A729-DC9B87BDE1B3}"
EndProject
Project("{FAE04EC0-301F-11D3-BF4B-00C04F79EFBC}") = "Common", "Common\Common.csproj", "{83C642F3-4A0E-4FBF-B51A-331FB41DE9BA}"
EndProject
Global
	GlobalSection(SolutionConfigurationPlatforms) = preSolution
		Debug|Any CPU = Debug|Any CPU
		Release|Any CPU = Release|Any CPU
	EndGlobalSection
	GlobalSection(ProjectConfigurationPlatforms) = postSolution
		{8D530F02-0315-4D47-85F6-693209A9AFFF}.Debug|Any CPU.ActiveCfg = Debug|Any CPU
		{8D530F02-0315-4D47-85F6-693209A9AFFF}.Debug|Any CPU.Build.0 = Debug|Any CPU
		{8D530F02-0315-4D47-85F6-693209A9AFFF}.Release|Any CPU.ActiveCfg = Release|Any CPU
		{8D530F02-0315-4D47-85F6-693209A9AFFF}.Release|Any CPU.Build.0 = Release|Any CPU
		{362C43D4-99BE-4F4E-A729-DC9B87BDE1B3}.Debug|Any CPU.ActiveCfg = Debug|Any CPU
		{362C43D4-99BE-4F4E-A729-DC9B87BDE1B3}.Debug|Any CPU.Build.0 = Debug|Any CPU
		{362C43D4-99BE-4F4E-A729-DC9B87BDE1B3}.Release|Any CPU.ActiveCfg = Release|Any CPU
		{362C43D4-99BE-4F4E-A729-DC9B87BDE1B3}.Release|Any CPU.Build.0 = Release|Any CPU
		{83C642F3-4A0E-4FBF-B51A-331FB41DE9BA}.Debug|Any CPU.ActiveCfg = Debug|Any CPU
		{83C642F3-4A0E-4FBF-B51A-331FB41DE9BA}.Debug|Any CPU.Build.0 = Debug|Any CPU
		{83C642F3-4A0E-4FBF-B51A-331FB41DE9BA}.Release|Any CPU.ActiveCfg = Release|Any CPU
		{83C642F3-4A0E-4FBF-B51A-331FB41DE9BA}.Release|Any CPU.Build.0 = Release|Any CPU
	EndGlobalSection
	GlobalSection(SolutionProperties) = preSolution
		HideSolutionNode = FALSE
	EndGlobalSection
	GlobalSection(ExtensibilityGlobals) = postSolution
		SolutionGuid = {9859B158-1ED8-4C66-935E-09ADB854FDFD}
	EndGlobalSection
EndGlobal
